
Microsoft Visual Studio Solution File, Format Version 12.00
# Visual Studio 15
VisualStudioVersion = 15.0.28307.645
MinimumVisualStudioVersion = 10.0.40219.1
Project("{9A19103F-16F7-4668-BE54-9A1E7A4F7556}") = "DesignPatterns", "DesignPatterns\DesignPatterns.csproj", "{FBE11616-5F32-4701-9F47-1479E317CC08}"
EndProject
Global
	GlobalSection(SolutionConfigurationPlatforms) = preSolution
		Debug|Any CPU = Debug|Any CPU
		Release|Any CPU = Release|Any CPU
	EndGlobalSection
	GlobalSection(ProjectConfigurationPlatforms) = postSolution
		{FBE11616-5F32-4701-9F47-1479E317CC08}.Debug|Any CPU.ActiveCfg = Debug|Any CPU
		{FBE11616-5F32-4701-9F47-1479E317CC08}.Debug|Any CPU.Build.0 = Debug|Any CPU
		{FBE11616-5F32-4701-9F47-1479E317CC08}.Release|Any CPU.ActiveCfg = Release|Any CPU
		{FBE11616-5F32-4701-9F47-1479E317CC08}.Release|Any CPU.Build.0 = Release|Any CPU
	EndGlobalSection
	GlobalSection(SolutionProperties) = preSolution
		HideSolutionNode = FALSE
	EndGlobalSection
	GlobalSection(ExtensibilityGlobals) = postSolution
		SolutionGuid = {8E6FE8FD-5BCC-4FF9-B096-E3043C4F8E7D}
	EndGlobalSection
EndGlobal
